
Microsoft Visual Studio Solution File, Format Version 12.00
# Visual Studio Version 16
VisualStudioVersion = 16.0.29613.14
MinimumVisualStudioVersion = 10.0.40219.1
Project("{FAE04EC0-301F-11D3-BF4B-00C04F79EFBC}") = "Mas_14", "Mas_14\Mas_14.csproj", "{18B32E1E-01AD-49DF-BE7A-9B226D38409E}"
EndProject
Global
	GlobalSection(SolutionConfigurationPlatforms) = preSolution
		Debug|Any CPU = Debug|Any CPU
		Release|Any CPU = Release|Any CPU
	EndGlobalSection
	GlobalSection(ProjectConfigurationPlatforms) = postSolution
		{18B32E1E-01AD-49DF-BE7A-9B226D38409E}.Debug|Any CPU.ActiveCfg = Debug|Any CPU
		{18B32E1E-01AD-49DF-BE7A-9B226D38409E}.Debug|Any CPU.Build.0 = Debug|Any CPU
		{18B32E1E-01AD-49DF-BE7A-9B226D38409E}.Release|Any CPU.ActiveCfg = Release|Any CPU
		{18B32E1E-01AD-49DF-BE7A-9B226D38409E}.Release|Any CPU.Build.0 = Release|Any CPU
	EndGlobalSection
	GlobalSection(SolutionProperties) = preSolution
		HideSolutionNode = FALSE
	EndGlobalSection
	GlobalSection(ExtensibilityGlobals) = postSolution
		SolutionGuid = {92B94661-7075-4BDA-AB43-233B0CA5A1F0}
	EndGlobalSection
EndGlobal
