
Microsoft Visual Studio Solution File, Format Version 12.00
# Visual Studio Version 16
VisualStudioVersion = 16.0.29613.14
MinimumVisualStudioVersion = 10.0.40219.1
Project("{FAE04EC0-301F-11D3-BF4B-00C04F79EFBC}") = "Mas_4", "Mas_4\Mas_4.csproj", "{5D42B3D9-0CE6-4338-AAEE-7B681B91B69E}"
EndProject
Global
	GlobalSection(SolutionConfigurationPlatforms) = preSolution
		Debug|Any CPU = Debug|Any CPU
		Release|Any CPU = Release|Any CPU
	EndGlobalSection
	GlobalSection(ProjectConfigurationPlatforms) = postSolution
		{5D42B3D9-0CE6-4338-AAEE-7B681B91B69E}.Debug|Any CPU.ActiveCfg = Debug|Any CPU
		{5D42B3D9-0CE6-4338-AAEE-7B681B91B69E}.Debug|Any CPU.Build.0 = Debug|Any CPU
		{5D42B3D9-0CE6-4338-AAEE-7B681B91B69E}.Release|Any CPU.ActiveCfg = Release|Any CPU
		{5D42B3D9-0CE6-4338-AAEE-7B681B91B69E}.Release|Any CPU.Build.0 = Release|Any CPU
	EndGlobalSection
	GlobalSection(SolutionProperties) = preSolution
		HideSolutionNode = FALSE
	EndGlobalSection
	GlobalSection(ExtensibilityGlobals) = postSolution
		SolutionGuid = {C4C77B29-8511-4000-9AC6-3FD13FF574A4}
	EndGlobalSection
EndGlobal
