
Microsoft Visual Studio Solution File, Format Version 12.00
# Visual Studio Version 16
VisualStudioVersion = 16.0.29613.14
MinimumVisualStudioVersion = 10.0.40219.1
Project("{FAE04EC0-301F-11D3-BF4B-00C04F79EFBC}") = "Mas_6", "Mas_6\Mas_6.csproj", "{269A8B58-437D-46FF-BB11-A2B61F2E5F72}"
EndProject
Global
	GlobalSection(SolutionConfigurationPlatforms) = preSolution
		Debug|Any CPU = Debug|Any CPU
		Release|Any CPU = Release|Any CPU
	EndGlobalSection
	GlobalSection(ProjectConfigurationPlatforms) = postSolution
		{269A8B58-437D-46FF-BB11-A2B61F2E5F72}.Debug|Any CPU.ActiveCfg = Debug|Any CPU
		{269A8B58-437D-46FF-BB11-A2B61F2E5F72}.Debug|Any CPU.Build.0 = Debug|Any CPU
		{269A8B58-437D-46FF-BB11-A2B61F2E5F72}.Release|Any CPU.ActiveCfg = Release|Any CPU
		{269A8B58-437D-46FF-BB11-A2B61F2E5F72}.Release|Any CPU.Build.0 = Release|Any CPU
	EndGlobalSection
	GlobalSection(SolutionProperties) = preSolution
		HideSolutionNode = FALSE
	EndGlobalSection
	GlobalSection(ExtensibilityGlobals) = postSolution
		SolutionGuid = {DDEABF41-11A2-448A-AF5F-FA252BC59F50}
	EndGlobalSection
EndGlobal
